
Microsoft Visual Studio Solution File, Format Version 12.00
# Visual Studio 15
VisualStudioVersion = 15.0.28307.1267
MinimumVisualStudioVersion = 10.0.40219.1
Project("{9092AA53-FB77-4645-B42D-1CCCA6BD08BD}") = "WebTravelSite_Project", "WebTravelSite_Project\WebTravelSite_Project.njsproj", "{6090EDBD-9170-4821-A196-A844D771CC8F}"
EndProject
Project("{FAE04EC0-301F-11D3-BF4B-00C04F79EFBC}") = "DestinationApi", "DestinationApi\DestinationApi.csproj", "{0FA01091-580B-4E38-91E2-6D018A0FB0D2}"
EndProject
Global
	GlobalSection(SolutionConfigurationPlatforms) = preSolution
		Debug|Any CPU = Debug|Any CPU
		Release|Any CPU = Release|Any CPU
	EndGlobalSection
	GlobalSection(ProjectConfigurationPlatforms) = postSolution
		{6090EDBD-9170-4821-A196-A844D771CC8F}.Debug|Any CPU.ActiveCfg = Debug|Any CPU
		{6090EDBD-9170-4821-A196-A844D771CC8F}.Debug|Any CPU.Build.0 = Debug|Any CPU
		{6090EDBD-9170-4821-A196-A844D771CC8F}.Release|Any CPU.ActiveCfg = Release|Any CPU
		{6090EDBD-9170-4821-A196-A844D771CC8F}.Release|Any CPU.Build.0 = Release|Any CPU
		{0FA01091-580B-4E38-91E2-6D018A0FB0D2}.Debug|Any CPU.ActiveCfg = Debug|Any CPU
		{0FA01091-580B-4E38-91E2-6D018A0FB0D2}.Debug|Any CPU.Build.0 = Debug|Any CPU
		{0FA01091-580B-4E38-91E2-6D018A0FB0D2}.Release|Any CPU.ActiveCfg = Release|Any CPU
		{0FA01091-580B-4E38-91E2-6D018A0FB0D2}.Release|Any CPU.Build.0 = Release|Any CPU
	EndGlobalSection
	GlobalSection(SolutionProperties) = preSolution
		HideSolutionNode = FALSE
	EndGlobalSection
	GlobalSection(ExtensibilityGlobals) = postSolution
		SolutionGuid = {6E11DEA7-4AA0-4FDA-830F-AE446D758A12}
	EndGlobalSection
EndGlobal
